Microsoft Visual Studio Solution File, Format Version 12.00
# Visual Studio 15
VisualStudioVersion = 15.0.28307.489
MinimumVisualStudioVersion = 10.0.40219.1
Project("{FAE04EC0-301F-11D3-BF4B-00C04F79EFBC}") = "XAMLator.Client.MonoDevelop", "XAMLator.Client.MonoDevelop\XAMLator.Client.MonoDevelop.csproj", "{FDFD3A07-1788-4C3F-A9D0-D67F4DEA6919}"
EndProject
Project("{D954291E-2A0B-460D-934E-DC6B0785DB48}") = "XAMLator.Client", "XAMLator.Client\XAMLator.Client.shproj", "{188F8020-6474-43BA-A6E7-0947C385B54C}"
EndProject
Project("{D954291E-2A0B-460D-934E-DC6B0785DB48}") = "XAMLator.Core", "XAMLator.Core\XAMLator.Core.shproj", "{20C03245-0672-4153-809C-A99F2307B9E9}"
EndProject
Project("{FAE04EC0-301F-11D3-BF4B-00C04F79EFBC}") = "XAMLator.Server.Mono.iOS", "XAMLator.Server.iOS\XAMLator.Server.Mono.iOS.csproj", "{9F60986F-4549-436A-9467-8718FFE84CCE}"
EndProject
Project("{FAE04EC0-301F-11D3-BF4B-00C04F79EFBC}") = "XAMLator.Server.Mono.Droid", "XAMLator.Server.Droid\XAMLator.Server.Mono.Droid.csproj", "{8634D953-84BF-4BBD-873B-B4339BEEA7BF}"
EndProject
Project("{2150E333-8FDC-42A3-9474-1A3956D46DE8}") = "IDEClient", "IDEClient", "{72DE5BCD-BB42-41E2-916A-EEA0B7569529}"
EndProject
Project("{2150E333-8FDC-42A3-9474-1A3956D46DE8}") = "SampleApp", "SampleApp", "{AD001C27-B88F-45AD-8297-DB5FE21C6DE7}"
EndProject
Project("{FAE04EC0-301F-11D3-BF4B-00C04F79EFBC}") = "XAMLator.SampleApp.Android", "SampleApp\XAMLator.SampleApp.Android\XAMLator.SampleApp.Android.csproj", "{A8AF73A1-E1A1-40EF-943E-4FBF475B0C8A}"
EndProject
Project("{FAE04EC0-301F-11D3-BF4B-00C04F79EFBC}") = "XAMLator.SampleApp.iOS", "SampleApp\XAMLator.SampleApp.iOS\XAMLator.SampleApp.iOS.csproj", "{DA1A4802-05FA-496A-862D-74FC8B0FD5CA}"
EndProject
Project("{D954291E-2A0B-460D-934E-DC6B0785DB48}") = "XAMLator.SampleApp", "SampleApp\XAMLator.SampleApp\XAMLator.SampleApp.shproj", "{8115E626-B954-42AE-9A4C-889AFD311912}"
EndProject
Project("{FAE04EC0-301F-11D3-BF4B-00C04F79EFBC}") = "XAMLator.SampleApp.Gtk", "SampleApp\XAMLator.SampleApp.Gtk\XAMLator.SampleApp.Gtk.csproj", "{040C0E99-7128-4968-AB57-47E3CBFBF2BD}"
EndProject
Project("{9A19103F-16F7-4668-BE54-9A1E7A4F7556}") = "XAMLator.Server.Roslyn", "XAMLator.Server\XAMLator.Server.Roslyn.csproj", "{9A749589-5DAE-4296-A4FA-B74F2D31C759}"
EndProject
Project("{D954291E-2A0B-460D-934E-DC6B0785DB48}") = "XAMLator.Server.Shared", "XAMLator.Server.Shared\XAMLator.Server.Shared.shproj", "{A2330E63-09C1-43FD-BBE3-8699F5D62888}"
EndProject
Project("{FAE04EC0-301F-11D3-BF4B-00C04F79EFBC}") = "XAMLator.Server.Mono.Net461", "XAMLator.Server.Net461\XAMLator.Server.Mono.Net461.csproj", "{E3F80ADC-71F8-454E-BA3B-87BD0D78B051}"
EndProject
Project("{FAE04EC0-301F-11D3-BF4B-00C04F79EFBC}") = "XAMLator.SampleApp.MacOS", "SampleApp\XAMLator.SampleApp.MacOS\XAMLator.SampleApp.MacOS.csproj", "{38A78D6E-B617-4162-A0BE-EFE260E9C076}"
EndProject
Project("{2150E333-8FDC-42A3-9474-1A3956D46DE8}") = "Server", "Server", "{38F4F699-609F-4894-8D3F-1BA1283DAE91}"
EndProject
Project("{FAE04EC0-301F-11D3-BF4B-00C04F79EFBC}") = "XAMLator.Build.Tasks.Tests", "XAMLator.Build.Tasks.Tests\XAMLator.Build.Tasks.Tests.csproj", "{FA699AFA-1165-40C0-AA59-BB63DA16A1B8}"
EndProject
Project("{2150E333-8FDC-42A3-9474-1A3956D46DE8}") = "Build", "Build", "{A2B90814-10AD-42D8-AF1C-3272628DE819}"
EndProject
Project("{FAE04EC0-301F-11D3-BF4B-00C04F79EFBC}") = "XAMLator.Build.Tasks", "XAMLator.Build.Tasks\XAMLator.Build.Tasks.csproj", "{B960F8D7-25B3-46E9-A95C-E539192B5744}"
EndProject
Project("{2150E333-8FDC-42A3-9474-1A3956D46DE8}") = "Tests", "Tests", "{8B24F47B-470E-4237-8E2B-0A4528598FEE}"
EndProject
Project("{FAE04EC0-301F-11D3-BF4B-00C04F79EFBC}") = "XAMLator.Server.Mono.Mac", "XAMLator.Server.Mac\XAMLator.Server.Mono.Mac.csproj", "{47C93CC1-2606-4130-922A-A1B2895E895E}"
EndProject
Project("{FAE04EC0-301F-11D3-BF4B-00C04F79EFBC}") = "XAMLator.Server.Tests", "XAMLator.Server.Tests\XAMLator.Server.Tests.csproj", "{55BCF24D-7424-4C5E-AD72-BB34F217EBDF}"
EndProject
Project("{FAE04EC0-301F-11D3-BF4B-00C04F79EFBC}") = "XAMLator.Client.VisualStudio", "XAMLator.Client.VisualStudio\XAMLator.Client.VisualStudio.csproj", "{4F503379-98F6-4D3E-8751-EE23139BF354}"
EndProject
Project("{FAE04EC0-301F-11D3-BF4B-00C04F79EFBC}") = "XAMLator.Client.Net461", "XAMLator.Client.Net461\XAMLator.Client.Net461.csproj", "{C5B4A4A3-7346-4B77-AD03-839116FAFAC3}"
EndProject
Project("{FAE04EC0-301F-11D3-BF4B-00C04F79EFBC}") = "XAMLator.Core.Net461", "XAMLator.Core.Net461\XAMLator.Core.Net461.csproj", "{A42DCB75-14D8-4EE0-946E-6CEAF5079851}"
EndProject
Project("{FAE04EC0-301F-11D3-BF4B-00C04F79EFBC}") = "XAMLator.SampleApp.WPF", "SampleApp\XAMLator.SampleApp.WPF\XAMLator.SampleApp.WPF.csproj", "{4E54641B-D109-4A35-AAE7-19DE65E07F7C}"
EndProject
Global
	GlobalSection(SharedMSBuildProjectFiles) = preSolution
		XAMLator.Client\XAMLator.Client.projitems*{188f8020-6474-43ba-a6e7-0947c385b54c}*SharedItemsImports = 13
		XAMLator.Core\XAMLator.Core.projitems*{20c03245-0672-4153-809c-a99f2307b9e9}*SharedItemsImports = 13
		SampleApp\XAMLator.SampleApp\XAMLator.SampleApp.projitems*{4e54641b-d109-4a35-aae7-19de65e07f7c}*SharedItemsImports = 4
		XAMLator.Client\XAMLator.Client.projitems*{55bcf24d-7424-4c5e-ad72-bb34f217ebdf}*SharedItemsImports = 4
		SampleApp\XAMLator.SampleApp\XAMLator.SampleApp.projitems*{8115e626-b954-42ae-9a4c-889afd311912}*SharedItemsImports = 13
		XAMLator.Core\XAMLator.Core.projitems*{8634d953-84bf-4bbd-873b-b4339beea7bf}*SharedItemsImports = 4
		XAMLator.Server.Shared\XAMLator.Server.Shared.projitems*{8634d953-84bf-4bbd-873b-b4339beea7bf}*SharedItemsImports = 4
		XAMLator.Core\XAMLator.Core.projitems*{9f60986f-4549-436a-9467-8718ffe84cce}*SharedItemsImports = 4
		XAMLator.Server.Shared\XAMLator.Server.Shared.projitems*{9f60986f-4549-436a-9467-8718ffe84cce}*SharedItemsImports = 4
		XAMLator.Server.Shared\XAMLator.Server.Shared.projitems*{a2330e63-09c1-43fd-bbe3-8699f5d62888}*SharedItemsImports = 13
		XAMLator.Core\XAMLator.Core.projitems*{a42dcb75-14d8-4ee0-946e-6ceaf5079851}*SharedItemsImports = 4
		SampleApp\XAMLator.SampleApp\XAMLator.SampleApp.projitems*{a8af73a1-e1a1-40ef-943e-4fbf475b0c8a}*SharedItemsImports = 4
		XAMLator.Client\XAMLator.Client.projitems*{c5b4a4a3-7346-4b77-ad03-839116fafac3}*SharedItemsImports = 4
		SampleApp\XAMLator.SampleApp\XAMLator.SampleApp.projitems*{da1a4802-05fa-496a-862d-74fc8b0fd5ca}*SharedItemsImports = 4
		XAMLator.Core\XAMLator.Core.projitems*{e3f80adc-71f8-454e-ba3b-87bd0d78b051}*SharedItemsImports = 4
		XAMLator.Server.Shared\XAMLator.Server.Shared.projitems*{e3f80adc-71f8-454e-ba3b-87bd0d78b051}*SharedItemsImports = 4
	EndGlobalSection
	GlobalSection(SolutionConfigurationPlatforms) = preSolution
		Ad-Hoc|Any CPU = Ad-Hoc|Any CPU
		Ad-Hoc|iPhone = Ad-Hoc|iPhone
		Ad-Hoc|iPhoneSimulator = Ad-Hoc|iPhoneSimulator
		AppStore|Any CPU = AppStore|Any CPU
		AppStore|iPhone = AppStore|iPhone
		AppStore|iPhoneSimulator = AppStore|iPhoneSimulator
		Debug|Any CPU = Debug|Any CPU
		Debug|iPhone = Debug|iPhone
		Debug|iPhoneSimulator = Debug|iPhoneSimulator
		Release|Any CPU = Release|Any CPU
		Release|iPhone = Release|iPhone
		Release|iPhoneSimulator = Release|iPhoneSimulator
	EndGlobalSection
	GlobalSection(ProjectConfigurationPlatforms) = postSolution
		{FDFD3A07-1788-4C3F-A9D0-D67F4DEA6919}.Ad-Hoc|Any CPU.ActiveCfg = Release|Any CPU
		{FDFD3A07-1788-4C3F-A9D0-D67F4DEA6919}.Ad-Hoc|iPhone.ActiveCfg = Debug|Any CPU
		{FDFD3A07-1788-4C3F-A9D0-D67F4DEA6919}.Ad-Hoc|iPhone.Build.0 = Debug|Any CPU
		{FDFD3A07-1788-4C3F-A9D0-D67F4DEA6919}.Ad-Hoc|iPhoneSimulator.ActiveCfg = Release|Any CPU
		{FDFD3A07-1788-4C3F-A9D0-D67F4DEA6919}.AppStore|Any CPU.ActiveCfg = Release|Any CPU
		{FDFD3A07-1788-4C3F-A9D0-D67F4DEA6919}.AppStore|iPhone.ActiveCfg = Debug|Any CPU
		{FDFD3A07-1788-4C3F-A9D0-D67F4DEA6919}.AppStore|iPhone.Build.0 = Debug|Any CPU
		{FDFD3A07-1788-4C3F-A9D0-D67F4DEA6919}.AppStore|iPhoneSimulator.ActiveCfg = Release|Any CPU
		{FDFD3A07-1788-4C3F-A9D0-D67F4DEA6919}.Debug|Any CPU.ActiveCfg = Debug|Any CPU
		{FDFD3A07-1788-4C3F-A9D0-D67F4DEA6919}.Debug|Any CPU.Build.0 = Debug|Any CPU
		{FDFD3A07-1788-4C3F-A9D0-D67F4DEA6919}.Debug|iPhone.ActiveCfg = Debug|Any CPU
		{FDFD3A07-1788-4C3F-A9D0-D67F4DEA6919}.Debug|iPhone.Build.0 = Debug|Any CPU
		{FDFD3A07-1788-4C3F-A9D0-D67F4DEA6919}.Debug|iPhoneSimulator.ActiveCfg = Debug|Any CPU
		{FDFD3A07-1788-4C3F-A9D0-D67F4DEA6919}.Debug|iPhoneSimulator.Build.0 = Debug|Any CPU
		{FDFD3A07-1788-4C3F-A9D0-D67F4DEA6919}.Release|Any CPU.ActiveCfg = Release|Any CPU
		{FDFD3A07-1788-4C3F-A9D0-D67F4DEA6919}.Release|Any CPU.Build.0 = Release|Any CPU
		{FDFD3A07-1788-4C3F-A9D0-D67F4DEA6919}.Release|iPhone.ActiveCfg = Release|Any CPU
		{FDFD3A07-1788-4C3F-A9D0-D67F4DEA6919}.Release|iPhone.Build.0 = Release|Any CPU
		{FDFD3A07-1788-4C3F-A9D0-D67F4DEA6919}.Release|iPhoneSimulator.ActiveCfg = Release|Any CPU
		{FDFD3A07-1788-4C3F-A9D0-D67F4DEA6919}.Release|iPhoneSimulator.Build.0 = Release|Any CPU
		{9F60986F-4549-436A-9467-8718FFE84CCE}.Ad-Hoc|Any CPU.ActiveCfg = Release|Any CPU
		{9F60986F-4549-436A-9467-8718FFE84CCE}.Ad-Hoc|Any CPU.Build.0 = Release|Any CPU
		{9F60986F-4549-436A-9467-8718FFE84CCE}.Ad-Hoc|iPhone.ActiveCfg = Debug|Any CPU
		{9F60986F-4549-436A-9467-8718FFE84CCE}.Ad-Hoc|iPhone.Build.0 = Debug|Any CPU
		{9F60986F-4549-436A-9467-8718FFE84CCE}.Ad-Hoc|iPhoneSimulator.ActiveCfg = Release|Any CPU
		{9F60986F-4549-436A-9467-8718FFE84CCE}.Ad-Hoc|iPhoneSimulator.Build.0 = Release|Any CPU
		{9F60986F-4549-436A-9467-8718FFE84CCE}.AppStore|Any CPU.ActiveCfg = Release|Any CPU
		{9F60986F-4549-436A-9467-8718FFE84CCE}.AppStore|Any CPU.Build.0 = Release|Any CPU
		{9F60986F-4549-436A-9467-8718FFE84CCE}.AppStore|iPhone.ActiveCfg = Debug|Any CPU
		{9F60986F-4549-436A-9467-8718FFE84CCE}.AppStore|iPhone.Build.0 = Debug|Any CPU
		{9F60986F-4549-436A-9467-8718FFE84CCE}.AppStore|iPhoneSimulator.ActiveCfg = Release|Any CPU
		{9F60986F-4549-436A-9467-8718FFE84CCE}.AppStore|iPhoneSimulator.Build.0 = Release|Any CPU
		{9F60986F-4549-436A-9467-8718FFE84CCE}.Debug|Any CPU.ActiveCfg = Debug|Any CPU
		{9F60986F-4549-436A-9467-8718FFE84CCE}.Debug|Any CPU.Build.0 = Debug|Any CPU
		{9F60986F-4549-436A-9467-8718FFE84CCE}.Debug|iPhone.ActiveCfg = Debug|Any CPU
		{9F60986F-4549-436A-9467-8718FFE84CCE}.Debug|iPhone.Build.0 = Debug|Any CPU
		{9F60986F-4549-436A-9467-8718FFE84CCE}.Debug|iPhoneSimulator.ActiveCfg = Debug|Any CPU
		{9F60986F-4549-436A-9467-8718FFE84CCE}.Debug|iPhoneSimulator.Build.0 = Debug|Any CPU
		{9F60986F-4549-436A-9467-8718FFE84CCE}.Release|Any CPU.ActiveCfg = Release|Any CPU
		{9F60986F-4549-436A-9467-8718FFE84CCE}.Release|Any CPU.Build.0 = Release|Any CPU
		{9F60986F-4549-436A-9467-8718FFE84CCE}.Release|iPhone.ActiveCfg = Release|Any CPU
		{9F60986F-4549-436A-9467-8718FFE84CCE}.Release|iPhone.Build.0 = Release|Any CPU
		{9F60986F-4549-436A-9467-8718FFE84CCE}.Release|iPhoneSimulator.ActiveCfg = Release|Any CPU
		{9F60986F-4549-436A-9467-8718FFE84CCE}.Release|iPhoneSimulator.Build.0 = Release|Any CPU
		{8634D953-84BF-4BBD-873B-B4339BEEA7BF}.Ad-Hoc|Any CPU.ActiveCfg = Release|Any CPU
		{8634D953-84BF-4BBD-873B-B4339BEEA7BF}.Ad-Hoc|Any CPU.Build.0 = Release|Any CPU
		{8634D953-84BF-4BBD-873B-B4339BEEA7BF}.Ad-Hoc|iPhone.ActiveCfg = Debug|Any CPU
		{8634D953-84BF-4BBD-873B-B4339BEEA7BF}.Ad-Hoc|iPhone.Build.0 = Debug|Any CPU
		{8634D953-84BF-4BBD-873B-B4339BEEA7BF}.Ad-Hoc|iPhoneSimulator.ActiveCfg = Release|Any CPU
		{8634D953-84BF-4BBD-873B-B4339BEEA7BF}.Ad-Hoc|iPhoneSimulator.Build.0 = Release|Any CPU
		{8634D953-84BF-4BBD-873B-B4339BEEA7BF}.AppStore|Any CPU.ActiveCfg = Release|Any CPU
		{8634D953-84BF-4BBD-873B-B4339BEEA7BF}.AppStore|Any CPU.Build.0 = Release|Any CPU
		{8634D953-84BF-4BBD-873B-B4339BEEA7BF}.AppStore|iPhone.ActiveCfg = Debug|Any CPU
		{8634D953-84BF-4BBD-873B-B4339BEEA7BF}.AppStore|iPhone.Build.0 = Debug|Any CPU
		{8634D953-84BF-4BBD-873B-B4339BEEA7BF}.AppStore|iPhoneSimulator.ActiveCfg = Release|Any CPU
		{8634D953-84BF-4BBD-873B-B4339BEEA7BF}.AppStore|iPhoneSimulator.Build.0 = Release|Any CPU
		{8634D953-84BF-4BBD-873B-B4339BEEA7BF}.Debug|Any CPU.ActiveCfg = Debug|Any CPU
		{8634D953-84BF-4BBD-873B-B4339BEEA7BF}.Debug|Any CPU.Build.0 = Debug|Any CPU
		{8634D953-84BF-4BBD-873B-B4339BEEA7BF}.Debug|iPhone.ActiveCfg = Debug|Any CPU
		{8634D953-84BF-4BBD-873B-B4339BEEA7BF}.Debug|iPhone.Build.0 = Debug|Any CPU
		{8634D953-84BF-4BBD-873B-B4339BEEA7BF}.Debug|iPhoneSimulator.ActiveCfg = Debug|Any CPU
		{8634D953-84BF-4BBD-873B-B4339BEEA7BF}.Debug|iPhoneSimulator.Build.0 = Debug|Any CPU
		{8634D953-84BF-4BBD-873B-B4339BEEA7BF}.Release|Any CPU.ActiveCfg = Release|Any CPU
		{8634D953-84BF-4BBD-873B-B4339BEEA7BF}.Release|Any CPU.Build.0 = Release|Any CPU
		{8634D953-84BF-4BBD-873B-B4339BEEA7BF}.Release|iPhone.ActiveCfg = Release|Any CPU
		{8634D953-84BF-4BBD-873B-B4339BEEA7BF}.Release|iPhone.Build.0 = Release|Any CPU
		{8634D953-84BF-4BBD-873B-B4339BEEA7BF}.Release|iPhoneSimulator.ActiveCfg = Release|Any CPU
		{8634D953-84BF-4BBD-873B-B4339BEEA7BF}.Release|iPhoneSimulator.Build.0 = Release|Any CPU
		{A8AF73A1-E1A1-40EF-943E-4FBF475B0C8A}.Ad-Hoc|Any CPU.ActiveCfg = Release|Any CPU
		{A8AF73A1-E1A1-40EF-943E-4FBF475B0C8A}.Ad-Hoc|Any CPU.Build.0 = Release|Any CPU
		{A8AF73A1-E1A1-40EF-943E-4FBF475B0C8A}.Ad-Hoc|Any CPU.Deploy.0 = Release|Any CPU
		{A8AF73A1-E1A1-40EF-943E-4FBF475B0C8A}.Ad-Hoc|iPhone.ActiveCfg = Debug|Any CPU
		{A8AF73A1-E1A1-40EF-943E-4FBF475B0C8A}.Ad-Hoc|iPhone.Build.0 = Debug|Any CPU
		{A8AF73A1-E1A1-40EF-943E-4FBF475B0C8A}.Ad-Hoc|iPhoneSimulator.ActiveCfg = Release|Any CPU
		{A8AF73A1-E1A1-40EF-943E-4FBF475B0C8A}.Ad-Hoc|iPhoneSimulator.Build.0 = Release|Any CPU
		{A8AF73A1-E1A1-40EF-943E-4FBF475B0C8A}.Ad-Hoc|iPhoneSimulator.Deploy.0 = Release|Any CPU
		{A8AF73A1-E1A1-40EF-943E-4FBF475B0C8A}.AppStore|Any CPU.ActiveCfg = Release|Any CPU
		{A8AF73A1-E1A1-40EF-943E-4FBF475B0C8A}.AppStore|Any CPU.Build.0 = Release|Any CPU
		{A8AF73A1-E1A1-40EF-943E-4FBF475B0C8A}.AppStore|Any CPU.Deploy.0 = Release|Any CPU
		{A8AF73A1-E1A1-40EF-943E-4FBF475B0C8A}.AppStore|iPhone.ActiveCfg = Debug|Any CPU
		{A8AF73A1-E1A1-40EF-943E-4FBF475B0C8A}.AppStore|iPhone.Build.0 = Debug|Any CPU
		{A8AF73A1-E1A1-40EF-943E-4FBF475B0C8A}.AppStore|iPhoneSimulator.ActiveCfg = Release|Any CPU
		{A8AF73A1-E1A1-40EF-943E-4FBF475B0C8A}.AppStore|iPhoneSimulator.Build.0 = Release|Any CPU
		{A8AF73A1-E1A1-40EF-943E-4FBF475B0C8A}.AppStore|iPhoneSimulator.Deploy.0 = Release|Any CPU
		{A8AF73A1-E1A1-40EF-943E-4FBF475B0C8A}.Debug|Any CPU.ActiveCfg = Debug|Any CPU
		{A8AF73A1-E1A1-40EF-943E-4FBF475B0C8A}.Debug|Any CPU.Build.0 = Debug|Any CPU
		{A8AF73A1-E1A1-40EF-943E-4FBF475B0C8A}.Debug|Any CPU.Deploy.0 = Debug|Any CPU
		{A8AF73A1-E1A1-40EF-943E-4FBF475B0C8A}.Debug|iPhone.ActiveCfg = Debug|Any CPU
		{A8AF73A1-E1A1-40EF-943E-4FBF475B0C8A}.Debug|iPhone.Build.0 = Debug|Any CPU
		{A8AF73A1-E1A1-40EF-943E-4FBF475B0C8A}.Debug|iPhoneSimulator.ActiveCfg = Debug|Any CPU
		{A8AF73A1-E1A1-40EF-943E-4FBF475B0C8A}.Debug|iPhoneSimulator.Build.0 = Debug|Any CPU
		{A8AF73A1-E1A1-40EF-943E-4FBF475B0C8A}.Release|Any CPU.ActiveCfg = Release|Any CPU
		{A8AF73A1-E1A1-40EF-943E-4FBF475B0C8A}.Release|Any CPU.Build.0 = Release|Any CPU
		{A8AF73A1-E1A1-40EF-943E-4FBF475B0C8A}.Release|iPhone.ActiveCfg = Release|Any CPU
		{A8AF73A1-E1A1-40EF-943E-4FBF475B0C8A}.Release|iPhone.Build.0 = Release|Any CPU
		{A8AF73A1-E1A1-40EF-943E-4FBF475B0C8A}.Release|iPhoneSimulator.ActiveCfg = Release|Any CPU
		{A8AF73A1-E1A1-40EF-943E-4FBF475B0C8A}.Release|iPhoneSimulator.Build.0 = Release|Any CPU
		{DA1A4802-05FA-496A-862D-74FC8B0FD5CA}.Ad-Hoc|Any CPU.ActiveCfg = Ad-Hoc|iPhoneSimulator
		{DA1A4802-05FA-496A-862D-74FC8B0FD5CA}.Ad-Hoc|iPhone.ActiveCfg = Ad-Hoc|iPhone
		{DA1A4802-05FA-496A-862D-74FC8B0FD5CA}.Ad-Hoc|iPhone.Build.0 = Ad-Hoc|iPhone
		{DA1A4802-05FA-496A-862D-74FC8B0FD5CA}.Ad-Hoc|iPhoneSimulator.ActiveCfg = Ad-Hoc|iPhoneSimulator
		{DA1A4802-05FA-496A-862D-74FC8B0FD5CA}.Ad-Hoc|iPhoneSimulator.Build.0 = Ad-Hoc|iPhoneSimulator
		{DA1A4802-05FA-496A-862D-74FC8B0FD5CA}.AppStore|Any CPU.ActiveCfg = AppStore|iPhoneSimulator
		{DA1A4802-05FA-496A-862D-74FC8B0FD5CA}.AppStore|iPhone.ActiveCfg = AppStore|iPhone
		{DA1A4802-05FA-496A-862D-74FC8B0FD5CA}.AppStore|iPhone.Build.0 = AppStore|iPhone
		{DA1A4802-05FA-496A-862D-74FC8B0FD5CA}.AppStore|iPhoneSimulator.ActiveCfg = AppStore|iPhoneSimulator
		{DA1A4802-05FA-496A-862D-74FC8B0FD5CA}.AppStore|iPhoneSimulator.Build.0 = AppStore|iPhoneSimulator
		{DA1A4802-05FA-496A-862D-74FC8B0FD5CA}.Debug|Any CPU.ActiveCfg = Debug|iPhoneSimulator
		{DA1A4802-05FA-496A-862D-74FC8B0FD5CA}.Debug|Any CPU.Build.0 = Debug|iPhoneSimulator
		{DA1A4802-05FA-496A-862D-74FC8B0FD5CA}.Debug|iPhone.ActiveCfg = Debug|iPhone
		{DA1A4802-05FA-496A-862D-74FC8B0FD5CA}.Debug|iPhone.Build.0 = Debug|iPhone
		{DA1A4802-05FA-496A-862D-74FC8B0FD5CA}.Debug|iPhoneSimulator.ActiveCfg = Debug|iPhoneSimulator
		{DA1A4802-05FA-496A-862D-74FC8B0FD5CA}.Debug|iPhoneSimulator.Build.0 = Debug|iPhoneSimulator
		{DA1A4802-05FA-496A-862D-74FC8B0FD5CA}.Release|Any CPU.ActiveCfg = Release|iPhoneSimulator
		{DA1A4802-05FA-496A-862D-74FC8B0FD5CA}.Release|Any CPU.Build.0 = Release|iPhoneSimulator
		{DA1A4802-05FA-496A-862D-74FC8B0FD5CA}.Release|iPhone.ActiveCfg = Release|iPhone
		{DA1A4802-05FA-496A-862D-74FC8B0FD5CA}.Release|iPhone.Build.0 = Release|iPhone
		{DA1A4802-05FA-496A-862D-74FC8B0FD5CA}.Release|iPhoneSimulator.ActiveCfg = Release|iPhoneSimulator
		{DA1A4802-05FA-496A-862D-74FC8B0FD5CA}.Release|iPhoneSimulator.Build.0 = Release|iPhoneSimulator
		{040C0E99-7128-4968-AB57-47E3CBFBF2BD}.Ad-Hoc|Any CPU.ActiveCfg = Debug|Any CPU
		{040C0E99-7128-4968-AB57-47E3CBFBF2BD}.Ad-Hoc|iPhone.ActiveCfg = Release|Any CPU
		{040C0E99-7128-4968-AB57-47E3CBFBF2BD}.Ad-Hoc|iPhone.Build.0 = Release|Any CPU
		{040C0E99-7128-4968-AB57-47E3CBFBF2BD}.Ad-Hoc|iPhoneSimulator.ActiveCfg = Debug|Any CPU
		{040C0E99-7128-4968-AB57-47E3CBFBF2BD}.AppStore|Any CPU.ActiveCfg = Debug|Any CPU
		{040C0E99-7128-4968-AB57-47E3CBFBF2BD}.AppStore|iPhone.ActiveCfg = Release|Any CPU
		{040C0E99-7128-4968-AB57-47E3CBFBF2BD}.AppStore|iPhone.Build.0 = Release|Any CPU
		{040C0E99-7128-4968-AB57-47E3CBFBF2BD}.AppStore|iPhoneSimulator.ActiveCfg = Debug|Any CPU
		{040C0E99-7128-4968-AB57-47E3CBFBF2BD}.Debug|Any CPU.ActiveCfg = Debug|Any CPU
		{040C0E99-7128-4968-AB57-47E3CBFBF2BD}.Debug|Any CPU.Build.0 = Debug|Any CPU
		{040C0E99-7128-4968-AB57-47E3CBFBF2BD}.Debug|iPhone.ActiveCfg = Debug|Any CPU
		{040C0E99-7128-4968-AB57-47E3CBFBF2BD}.Debug|iPhone.Build.0 = Debug|Any CPU
		{040C0E99-7128-4968-AB57-47E3CBFBF2BD}.Debug|iPhoneSimulator.ActiveCfg = Debug|Any CPU
		{040C0E99-7128-4968-AB57-47E3CBFBF2BD}.Debug|iPhoneSimulator.Build.0 = Debug|Any CPU
		{040C0E99-7128-4968-AB57-47E3CBFBF2BD}.Release|Any CPU.ActiveCfg = Release|Any CPU
		{040C0E99-7128-4968-AB57-47E3CBFBF2BD}.Release|Any CPU.Build.0 = Release|Any CPU
		{040C0E99-7128-4968-AB57-47E3CBFBF2BD}.Release|iPhone.ActiveCfg = Release|Any CPU
		{040C0E99-7128-4968-AB57-47E3CBFBF2BD}.Release|iPhone.Build.0 = Release|Any CPU
		{040C0E99-7128-4968-AB57-47E3CBFBF2BD}.Release|iPhoneSimulator.ActiveCfg = Release|Any CPU
		{040C0E99-7128-4968-AB57-47E3CBFBF2BD}.Release|iPhoneSimulator.Build.0 = Release|Any CPU
		{9A749589-5DAE-4296-A4FA-B74F2D31C759}.Ad-Hoc|Any CPU.ActiveCfg = Debug|Any CPU
		{9A749589-5DAE-4296-A4FA-B74F2D31C759}.Ad-Hoc|Any CPU.Build.0 = Debug|Any CPU
		{9A749589-5DAE-4296-A4FA-B74F2D31C759}.Ad-Hoc|iPhone.ActiveCfg = Release|Any CPU
		{9A749589-5DAE-4296-A4FA-B74F2D31C759}.Ad-Hoc|iPhone.Build.0 = Release|Any CPU
		{9A749589-5DAE-4296-A4FA-B74F2D31C759}.Ad-Hoc|iPhoneSimulator.ActiveCfg = Debug|Any CPU
		{9A749589-5DAE-4296-A4FA-B74F2D31C759}.Ad-Hoc|iPhoneSimulator.Build.0 = Debug|Any CPU
		{9A749589-5DAE-4296-A4FA-B74F2D31C759}.AppStore|Any CPU.ActiveCfg = Debug|Any CPU
		{9A749589-5DAE-4296-A4FA-B74F2D31C759}.AppStore|Any CPU.Build.0 = Debug|Any CPU
		{9A749589-5DAE-4296-A4FA-B74F2D31C759}.AppStore|iPhone.ActiveCfg = Release|Any CPU
		{9A749589-5DAE-4296-A4FA-B74F2D31C759}.AppStore|iPhone.Build.0 = Release|Any CPU
		{9A749589-5DAE-4296-A4FA-B74F2D31C759}.AppStore|iPhoneSimulator.ActiveCfg = Debug|Any CPU
		{9A749589-5DAE-4296-A4FA-B74F2D31C759}.AppStore|iPhoneSimulator.Build.0 = Debug|Any CPU
		{9A749589-5DAE-4296-A4FA-B74F2D31C759}.Debug|Any CPU.ActiveCfg = Debug|Any CPU
		{9A749589-5DAE-4296-A4FA-B74F2D31C759}.Debug|Any CPU.Build.0 = Debug|Any CPU
		{9A749589-5DAE-4296-A4FA-B74F2D31C759}.Debug|iPhone.ActiveCfg = Debug|Any CPU
		{9A749589-5DAE-4296-A4FA-B74F2D31C759}.Debug|iPhone.Build.0 = Debug|Any CPU
		{9A749589-5DAE-4296-A4FA-B74F2D31C759}.Debug|iPhoneSimulator.ActiveCfg = Debug|Any CPU
		{9A749589-5DAE-4296-A4FA-B74F2D31C759}.Debug|iPhoneSimulator.Build.0 = Debug|Any CPU
		{9A749589-5DAE-4296-A4FA-B74F2D31C759}.Release|Any CPU.ActiveCfg = Release|Any CPU
		{9A749589-5DAE-4296-A4FA-B74F2D31C759}.Release|Any CPU.Build.0 = Release|Any CPU
		{9A749589-5DAE-4296-A4FA-B74F2D31C759}.Release|iPhone.ActiveCfg = Release|Any CPU
		{9A749589-5DAE-4296-A4FA-B74F2D31C759}.Release|iPhone.Build.0 = Release|Any CPU
		{9A749589-5DAE-4296-A4FA-B74F2D31C759}.Release|iPhoneSimulator.ActiveCfg = Release|Any CPU
		{9A749589-5DAE-4296-A4FA-B74F2D31C759}.Release|iPhoneSimulator.Build.0 = Release|Any CPU
		{E3F80ADC-71F8-454E-BA3B-87BD0D78B051}.Ad-Hoc|Any CPU.ActiveCfg = Release|Any CPU
		{E3F80ADC-71F8-454E-BA3B-87BD0D78B051}.Ad-Hoc|Any CPU.Build.0 = Release|Any CPU
		{E3F80ADC-71F8-454E-BA3B-87BD0D78B051}.Ad-Hoc|iPhone.ActiveCfg = Debug|Any CPU
		{E3F80ADC-71F8-454E-BA3B-87BD0D78B051}.Ad-Hoc|iPhone.Build.0 = Debug|Any CPU
		{E3F80ADC-71F8-454E-BA3B-87BD0D78B051}.Ad-Hoc|iPhoneSimulator.ActiveCfg = Release|Any CPU
		{E3F80ADC-71F8-454E-BA3B-87BD0D78B051}.Ad-Hoc|iPhoneSimulator.Build.0 = Release|Any CPU
		{E3F80ADC-71F8-454E-BA3B-87BD0D78B051}.AppStore|Any CPU.ActiveCfg = Release|Any CPU
		{E3F80ADC-71F8-454E-BA3B-87BD0D78B051}.AppStore|Any CPU.Build.0 = Release|Any CPU
		{E3F80ADC-71F8-454E-BA3B-87BD0D78B051}.AppStore|iPhone.ActiveCfg = Debug|Any CPU
		{E3F80ADC-71F8-454E-BA3B-87BD0D78B051}.AppStore|iPhone.Build.0 = Debug|Any CPU
		{E3F80ADC-71F8-454E-BA3B-87BD0D78B051}.AppStore|iPhoneSimulator.ActiveCfg = Release|Any CPU
		{E3F80ADC-71F8-454E-BA3B-87BD0D78B051}.AppStore|iPhoneSimulator.Build.0 = Release|Any CPU
		{E3F80ADC-71F8-454E-BA3B-87BD0D78B051}.Debug|Any CPU.ActiveCfg = Debug|Any CPU
		{E3F80ADC-71F8-454E-BA3B-87BD0D78B051}.Debug|Any CPU.Build.0 = Debug|Any CPU
		{E3F80ADC-71F8-454E-BA3B-87BD0D78B051}.Debug|iPhone.ActiveCfg = Debug|Any CPU
		{E3F80ADC-71F8-454E-BA3B-87BD0D78B051}.Debug|iPhone.Build.0 = Debug|Any CPU
		{E3F80ADC-71F8-454E-BA3B-87BD0D78B051}.Debug|iPhoneSimulator.ActiveCfg = Debug|Any CPU
		{E3F80ADC-71F8-454E-BA3B-87BD0D78B051}.Debug|iPhoneSimulator.Build.0 = Debug|Any CPU
		{E3F80ADC-71F8-454E-BA3B-87BD0D78B051}.Release|Any CPU.ActiveCfg = Release|Any CPU
		{E3F80ADC-71F8-454E-BA3B-87BD0D78B051}.Release|Any CPU.Build.0 = Release|Any CPU
		{E3F80ADC-71F8-454E-BA3B-87BD0D78B051}.Release|iPhone.ActiveCfg = Release|Any CPU
		{E3F80ADC-71F8-454E-BA3B-87BD0D78B051}.Release|iPhone.Build.0 = Release|Any CPU
		{E3F80ADC-71F8-454E-BA3B-87BD0D78B051}.Release|iPhoneSimulator.ActiveCfg = Release|Any CPU
		{E3F80ADC-71F8-454E-BA3B-87BD0D78B051}.Release|iPhoneSimulator.Build.0 = Release|Any CPU
		{38A78D6E-B617-4162-A0BE-EFE260E9C076}.Ad-Hoc|Any CPU.ActiveCfg = Release|Any CPU
		{38A78D6E-B617-4162-A0BE-EFE260E9C076}.Ad-Hoc|iPhone.ActiveCfg = Debug|Any CPU
		{38A78D6E-B617-4162-A0BE-EFE260E9C076}.Ad-Hoc|iPhone.Build.0 = Debug|Any CPU
		{38A78D6E-B617-4162-A0BE-EFE260E9C076}.Ad-Hoc|iPhoneSimulator.ActiveCfg = Release|Any CPU
		{38A78D6E-B617-4162-A0BE-EFE260E9C076}.AppStore|Any CPU.ActiveCfg = Release|Any CPU
		{38A78D6E-B617-4162-A0BE-EFE260E9C076}.AppStore|iPhone.ActiveCfg = Debug|Any CPU
		{38A78D6E-B617-4162-A0BE-EFE260E9C076}.AppStore|iPhone.Build.0 = Debug|Any CPU
		{38A78D6E-B617-4162-A0BE-EFE260E9C076}.AppStore|iPhoneSimulator.ActiveCfg = Release|Any CPU
		{38A78D6E-B617-4162-A0BE-EFE260E9C076}.Debug|Any CPU.ActiveCfg = Debug|Any CPU
		{38A78D6E-B617-4162-A0BE-EFE260E9C076}.Debug|Any CPU.Build.0 = Debug|Any CPU
		{38A78D6E-B617-4162-A0BE-EFE260E9C076}.Debug|iPhone.ActiveCfg = Debug|Any CPU
		{38A78D6E-B617-4162-A0BE-EFE260E9C076}.Debug|iPhone.Build.0 = Debug|Any CPU
		{38A78D6E-B617-4162-A0BE-EFE260E9C076}.Debug|iPhoneSimulator.ActiveCfg = Debug|Any CPU
		{38A78D6E-B617-4162-A0BE-EFE260E9C076}.Debug|iPhoneSimulator.Build.0 = Debug|Any CPU
		{38A78D6E-B617-4162-A0BE-EFE260E9C076}.Release|Any CPU.ActiveCfg = Release|Any CPU
		{38A78D6E-B617-4162-A0BE-EFE260E9C076}.Release|Any CPU.Build.0 = Release|Any CPU
		{38A78D6E-B617-4162-A0BE-EFE260E9C076}.Release|iPhone.ActiveCfg = Release|Any CPU
		{38A78D6E-B617-4162-A0BE-EFE260E9C076}.Release|iPhone.Build.0 = Release|Any CPU
		{38A78D6E-B617-4162-A0BE-EFE260E9C076}.Release|iPhoneSimulator.ActiveCfg = Release|Any CPU
		{38A78D6E-B617-4162-A0BE-EFE260E9C076}.Release|iPhoneSimulator.Build.0 = Release|Any CPU
		{FA699AFA-1165-40C0-AA59-BB63DA16A1B8}.Ad-Hoc|Any CPU.ActiveCfg = Release|Any CPU
		{FA699AFA-1165-40C0-AA59-BB63DA16A1B8}.Ad-Hoc|Any CPU.Build.0 = Release|Any CPU
		{FA699AFA-1165-40C0-AA59-BB63DA16A1B8}.Ad-Hoc|iPhone.ActiveCfg = Debug|Any CPU
		{FA699AFA-1165-40C0-AA59-BB63DA16A1B8}.Ad-Hoc|iPhone.Build.0 = Debug|Any CPU
		{FA699AFA-1165-40C0-AA59-BB63DA16A1B8}.Ad-Hoc|iPhoneSimulator.ActiveCfg = Release|Any CPU
		{FA699AFA-1165-40C0-AA59-BB63DA16A1B8}.Ad-Hoc|iPhoneSimulator.Build.0 = Release|Any CPU
		{FA699AFA-1165-40C0-AA59-BB63DA16A1B8}.AppStore|Any CPU.ActiveCfg = Release|Any CPU
		{FA699AFA-1165-40C0-AA59-BB63DA16A1B8}.AppStore|Any CPU.Build.0 = Release|Any CPU
		{FA699AFA-1165-40C0-AA59-BB63DA16A1B8}.AppStore|iPhone.ActiveCfg = Debug|Any CPU
		{FA699AFA-1165-40C0-AA59-BB63DA16A1B8}.AppStore|iPhone.Build.0 = Debug|Any CPU
		{FA699AFA-1165-40C0-AA59-BB63DA16A1B8}.AppStore|iPhoneSimulator.ActiveCfg = Release|Any CPU
		{FA699AFA-1165-40C0-AA59-BB63DA16A1B8}.AppStore|iPhoneSimulator.Build.0 = Release|Any CPU
		{FA699AFA-1165-40C0-AA59-BB63DA16A1B8}.Debug|Any CPU.ActiveCfg = Debug|Any CPU
		{FA699AFA-1165-40C0-AA59-BB63DA16A1B8}.Debug|Any CPU.Build.0 = Debug|Any CPU
		{FA699AFA-1165-40C0-AA59-BB63DA16A1B8}.Debug|iPhone.ActiveCfg = Debug|Any CPU
		{FA699AFA-1165-40C0-AA59-BB63DA16A1B8}.Debug|iPhone.Build.0 = Debug|Any CPU
		{FA699AFA-1165-40C0-AA59-BB63DA16A1B8}.Debug|iPhoneSimulator.ActiveCfg = Debug|Any CPU
		{FA699AFA-1165-40C0-AA59-BB63DA16A1B8}.Debug|iPhoneSimulator.Build.0 = Debug|Any CPU
		{FA699AFA-1165-40C0-AA59-BB63DA16A1B8}.Release|Any CPU.ActiveCfg = Release|Any CPU
		{FA699AFA-1165-40C0-AA59-BB63DA16A1B8}.Release|Any CPU.Build.0 = Release|Any CPU
		{FA699AFA-1165-40C0-AA59-BB63DA16A1B8}.Release|iPhone.ActiveCfg = Release|Any CPU
		{FA699AFA-1165-40C0-AA59-BB63DA16A1B8}.Release|iPhone.Build.0 = Release|Any CPU
		{FA699AFA-1165-40C0-AA59-BB63DA16A1B8}.Release|iPhoneSimulator.ActiveCfg = Release|Any CPU
		{FA699AFA-1165-40C0-AA59-BB63DA16A1B8}.Release|iPhoneSimulator.Build.0 = Release|Any CPU
		{B960F8D7-25B3-46E9-A95C-E539192B5744}.Ad-Hoc|Any CPU.ActiveCfg = Release|Any CPU
		{B960F8D7-25B3-46E9-A95C-E539192B5744}.Ad-Hoc|Any CPU.Build.0 = Release|Any CPU
		{B960F8D7-25B3-46E9-A95C-E539192B5744}.Ad-Hoc|iPhone.ActiveCfg = Debug|Any CPU
		{B960F8D7-25B3-46E9-A95C-E539192B5744}.Ad-Hoc|iPhone.Build.0 = Debug|Any CPU
		{B960F8D7-25B3-46E9-A95C-E539192B5744}.Ad-Hoc|iPhoneSimulator.ActiveCfg = Release|Any CPU
		{B960F8D7-25B3-46E9-A95C-E539192B5744}.Ad-Hoc|iPhoneSimulator.Build.0 = Release|Any CPU
		{B960F8D7-25B3-46E9-A95C-E539192B5744}.AppStore|Any CPU.ActiveCfg = Release|Any CPU
		{B960F8D7-25B3-46E9-A95C-E539192B5744}.AppStore|Any CPU.Build.0 = Release|Any CPU
		{B960F8D7-25B3-46E9-A95C-E539192B5744}.AppStore|iPhone.ActiveCfg = Debug|Any CPU
		{B960F8D7-25B3-46E9-A95C-E539192B5744}.AppStore|iPhone.Build.0 = Debug|Any CPU
		{B960F8D7-25B3-46E9-A95C-E539192B5744}.AppStore|iPhoneSimulator.ActiveCfg = Release|Any CPU
		{B960F8D7-25B3-46E9-A95C-E539192B5744}.AppStore|iPhoneSimulator.Build.0 = Release|Any CPU
		{B960F8D7-25B3-46E9-A95C-E539192B5744}.Debug|Any CPU.ActiveCfg = Debug|Any CPU
		{B960F8D7-25B3-46E9-A95C-E539192B5744}.Debug|Any CPU.Build.0 = Debug|Any CPU
		{B960F8D7-25B3-46E9-A95C-E539192B5744}.Debug|iPhone.ActiveCfg = Debug|Any CPU
		{B960F8D7-25B3-46E9-A95C-E539192B5744}.Debug|iPhone.Build.0 = Debug|Any CPU
		{B960F8D7-25B3-46E9-A95C-E539192B5744}.Debug|iPhoneSimulator.ActiveCfg = Debug|Any CPU
		{B960F8D7-25B3-46E9-A95C-E539192B5744}.Debug|iPhoneSimulator.Build.0 = Debug|Any CPU
		{B960F8D7-25B3-46E9-A95C-E539192B5744}.Release|Any CPU.ActiveCfg = Release|Any CPU
		{B960F8D7-25B3-46E9-A95C-E539192B5744}.Release|Any CPU.Build.0 = Release|Any CPU
		{B960F8D7-25B3-46E9-A95C-E539192B5744}.Release|iPhone.ActiveCfg = Release|Any CPU
		{B960F8D7-25B3-46E9-A95C-E539192B5744}.Release|iPhone.Build.0 = Release|Any CPU
		{B960F8D7-25B3-46E9-A95C-E539192B5744}.Release|iPhoneSimulator.ActiveCfg = Release|Any CPU
		{B960F8D7-25B3-46E9-A95C-E539192B5744}.Release|iPhoneSimulator.Build.0 = Release|Any CPU
		{47C93CC1-2606-4130-922A-A1B2895E895E}.Ad-Hoc|Any CPU.ActiveCfg = Release|Any CPU
		{47C93CC1-2606-4130-922A-A1B2895E895E}.Ad-Hoc|iPhone.ActiveCfg = Debug|Any CPU
		{47C93CC1-2606-4130-922A-A1B2895E895E}.Ad-Hoc|iPhone.Build.0 = Debug|Any CPU
		{47C93CC1-2606-4130-922A-A1B2895E895E}.Ad-Hoc|iPhoneSimulator.ActiveCfg = Release|Any CPU
		{47C93CC1-2606-4130-922A-A1B2895E895E}.AppStore|Any CPU.ActiveCfg = Release|Any CPU
		{47C93CC1-2606-4130-922A-A1B2895E895E}.AppStore|iPhone.ActiveCfg = Debug|Any CPU
		{47C93CC1-2606-4130-922A-A1B2895E895E}.AppStore|iPhone.Build.0 = Debug|Any CPU
		{47C93CC1-2606-4130-922A-A1B2895E895E}.AppStore|iPhoneSimulator.ActiveCfg = Release|Any CPU
		{47C93CC1-2606-4130-922A-A1B2895E895E}.Debug|Any CPU.ActiveCfg = Debug|Any CPU
		{47C93CC1-2606-4130-922A-A1B2895E895E}.Debug|Any CPU.Build.0 = Debug|Any CPU
		{47C93CC1-2606-4130-922A-A1B2895E895E}.Debug|iPhone.ActiveCfg = Debug|Any CPU
		{47C93CC1-2606-4130-922A-A1B2895E895E}.Debug|iPhone.Build.0 = Debug|Any CPU
		{47C93CC1-2606-4130-922A-A1B2895E895E}.Debug|iPhoneSimulator.ActiveCfg = Debug|Any CPU
		{47C93CC1-2606-4130-922A-A1B2895E895E}.Debug|iPhoneSimulator.Build.0 = Debug|Any CPU
		{47C93CC1-2606-4130-922A-A1B2895E895E}.Release|Any CPU.ActiveCfg = Release|Any CPU
		{47C93CC1-2606-4130-922A-A1B2895E895E}.Release|Any CPU.Build.0 = Release|Any CPU
		{47C93CC1-2606-4130-922A-A1B2895E895E}.Release|iPhone.ActiveCfg = Release|Any CPU
		{47C93CC1-2606-4130-922A-A1B2895E895E}.Release|iPhone.Build.0 = Release|Any CPU
		{47C93CC1-2606-4130-922A-A1B2895E895E}.Release|iPhoneSimulator.ActiveCfg = Release|Any CPU
		{47C93CC1-2606-4130-922A-A1B2895E895E}.Release|iPhoneSimulator.Build.0 = Release|Any CPU
		{55BCF24D-7424-4C5E-AD72-BB34F217EBDF}.Ad-Hoc|Any CPU.ActiveCfg = Release|Any CPU
		{55BCF24D-7424-4C5E-AD72-BB34F217EBDF}.Ad-Hoc|Any CPU.Build.0 = Release|Any CPU
		{55BCF24D-7424-4C5E-AD72-BB34F217EBDF}.Ad-Hoc|iPhone.ActiveCfg = Debug|Any CPU
		{55BCF24D-7424-4C5E-AD72-BB34F217EBDF}.Ad-Hoc|iPhone.Build.0 = Debug|Any CPU
		{55BCF24D-7424-4C5E-AD72-BB34F217EBDF}.Ad-Hoc|iPhoneSimulator.ActiveCfg = Release|Any CPU
		{55BCF24D-7424-4C5E-AD72-BB34F217EBDF}.Ad-Hoc|iPhoneSimulator.Build.0 = Release|Any CPU
		{55BCF24D-7424-4C5E-AD72-BB34F217EBDF}.AppStore|Any CPU.ActiveCfg = Release|Any CPU
		{55BCF24D-7424-4C5E-AD72-BB34F217EBDF}.AppStore|Any CPU.Build.0 = Release|Any CPU
		{55BCF24D-7424-4C5E-AD72-BB34F217EBDF}.AppStore|iPhone.ActiveCfg = Debug|Any CPU
		{55BCF24D-7424-4C5E-AD72-BB34F217EBDF}.AppStore|iPhone.Build.0 = Debug|Any CPU
		{55BCF24D-7424-4C5E-AD72-BB34F217EBDF}.AppStore|iPhoneSimulator.ActiveCfg = Release|Any CPU
		{55BCF24D-7424-4C5E-AD72-BB34F217EBDF}.AppStore|iPhoneSimulator.Build.0 = Release|Any CPU
		{55BCF24D-7424-4C5E-AD72-BB34F217EBDF}.Debug|Any CPU.ActiveCfg = Debug|Any CPU
		{55BCF24D-7424-4C5E-AD72-BB34F217EBDF}.Debug|Any CPU.Build.0 = Debug|Any CPU
		{55BCF24D-7424-4C5E-AD72-BB34F217EBDF}.Debug|iPhone.ActiveCfg = Debug|Any CPU
		{55BCF24D-7424-4C5E-AD72-BB34F217EBDF}.Debug|iPhone.Build.0 = Debug|Any CPU
		{55BCF24D-7424-4C5E-AD72-BB34F217EBDF}.Debug|iPhoneSimulator.ActiveCfg = Debug|Any CPU
		{55BCF24D-7424-4C5E-AD72-BB34F217EBDF}.Debug|iPhoneSimulator.Build.0 = Debug|Any CPU
		{55BCF24D-7424-4C5E-AD72-BB34F217EBDF}.Release|Any CPU.ActiveCfg = Release|Any CPU
		{55BCF24D-7424-4C5E-AD72-BB34F217EBDF}.Release|Any CPU.Build.0 = Release|Any CPU
		{55BCF24D-7424-4C5E-AD72-BB34F217EBDF}.Release|iPhone.ActiveCfg = Release|Any CPU
		{55BCF24D-7424-4C5E-AD72-BB34F217EBDF}.Release|iPhone.Build.0 = Release|Any CPU
		{55BCF24D-7424-4C5E-AD72-BB34F217EBDF}.Release|iPhoneSimulator.ActiveCfg = Release|Any CPU
		{55BCF24D-7424-4C5E-AD72-BB34F217EBDF}.Release|iPhoneSimulator.Build.0 = Release|Any CPU
		{4F503379-98F6-4D3E-8751-EE23139BF354}.Ad-Hoc|Any CPU.ActiveCfg = Release|Any CPU
		{4F503379-98F6-4D3E-8751-EE23139BF354}.Ad-Hoc|Any CPU.Build.0 = Release|Any CPU
		{4F503379-98F6-4D3E-8751-EE23139BF354}.Ad-Hoc|iPhone.ActiveCfg = Release|Any CPU
		{4F503379-98F6-4D3E-8751-EE23139BF354}.Ad-Hoc|iPhone.Build.0 = Release|Any CPU
		{4F503379-98F6-4D3E-8751-EE23139BF354}.Ad-Hoc|iPhoneSimulator.ActiveCfg = Release|Any CPU
		{4F503379-98F6-4D3E-8751-EE23139BF354}.Ad-Hoc|iPhoneSimulator.Build.0 = Release|Any CPU
		{4F503379-98F6-4D3E-8751-EE23139BF354}.AppStore|Any CPU.ActiveCfg = Release|Any CPU
		{4F503379-98F6-4D3E-8751-EE23139BF354}.AppStore|Any CPU.Build.0 = Release|Any CPU
		{4F503379-98F6-4D3E-8751-EE23139BF354}.AppStore|iPhone.ActiveCfg = Release|Any CPU
		{4F503379-98F6-4D3E-8751-EE23139BF354}.AppStore|iPhone.Build.0 = Release|Any CPU
		{4F503379-98F6-4D3E-8751-EE23139BF354}.AppStore|iPhoneSimulator.ActiveCfg = Release|Any CPU
		{4F503379-98F6-4D3E-8751-EE23139BF354}.AppStore|iPhoneSimulator.Build.0 = Release|Any CPU
		{4F503379-98F6-4D3E-8751-EE23139BF354}.Debug|Any CPU.ActiveCfg = Debug|Any CPU
		{4F503379-98F6-4D3E-8751-EE23139BF354}.Debug|Any CPU.Build.0 = Debug|Any CPU
		{4F503379-98F6-4D3E-8751-EE23139BF354}.Debug|iPhone.ActiveCfg = Debug|Any CPU
		{4F503379-98F6-4D3E-8751-EE23139BF354}.Debug|iPhone.Build.0 = Debug|Any CPU
		{4F503379-98F6-4D3E-8751-EE23139BF354}.Debug|iPhoneSimulator.ActiveCfg = Debug|Any CPU
		{4F503379-98F6-4D3E-8751-EE23139BF354}.Debug|iPhoneSimulator.Build.0 = Debug|Any CPU
		{4F503379-98F6-4D3E-8751-EE23139BF354}.Release|Any CPU.ActiveCfg = Release|Any CPU
		{4F503379-98F6-4D3E-8751-EE23139BF354}.Release|Any CPU.Build.0 = Release|Any CPU
		{4F503379-98F6-4D3E-8751-EE23139BF354}.Release|iPhone.ActiveCfg = Release|Any CPU
		{4F503379-98F6-4D3E-8751-EE23139BF354}.Release|iPhone.Build.0 = Release|Any CPU
		{4F503379-98F6-4D3E-8751-EE23139BF354}.Release|iPhoneSimulator.ActiveCfg = Release|Any CPU
		{4F503379-98F6-4D3E-8751-EE23139BF354}.Release|iPhoneSimulator.Build.0 = Release|Any CPU
		{C5B4A4A3-7346-4B77-AD03-839116FAFAC3}.Ad-Hoc|Any CPU.ActiveCfg = Release|Any CPU
		{C5B4A4A3-7346-4B77-AD03-839116FAFAC3}.Ad-Hoc|Any CPU.Build.0 = Release|Any CPU
		{C5B4A4A3-7346-4B77-AD03-839116FAFAC3}.Ad-Hoc|iPhone.ActiveCfg = Release|Any CPU
		{C5B4A4A3-7346-4B77-AD03-839116FAFAC3}.Ad-Hoc|iPhone.Build.0 = Release|Any CPU
		{C5B4A4A3-7346-4B77-AD03-839116FAFAC3}.Ad-Hoc|iPhoneSimulator.ActiveCfg = Release|Any CPU
		{C5B4A4A3-7346-4B77-AD03-839116FAFAC3}.Ad-Hoc|iPhoneSimulator.Build.0 = Release|Any CPU
		{C5B4A4A3-7346-4B77-AD03-839116FAFAC3}.AppStore|Any CPU.ActiveCfg = Release|Any CPU
		{C5B4A4A3-7346-4B77-AD03-839116FAFAC3}.AppStore|Any CPU.Build.0 = Release|Any CPU
		{C5B4A4A3-7346-4B77-AD03-839116FAFAC3}.AppStore|iPhone.ActiveCfg = Release|Any CPU
		{C5B4A4A3-7346-4B77-AD03-839116FAFAC3}.AppStore|iPhone.Build.0 = Release|Any CPU
		{C5B4A4A3-7346-4B77-AD03-839116FAFAC3}.AppStore|iPhoneSimulator.ActiveCfg = Release|Any CPU
		{C5B4A4A3-7346-4B77-AD03-839116FAFAC3}.AppStore|iPhoneSimulator.Build.0 = Release|Any CPU
		{C5B4A4A3-7346-4B77-AD03-839116FAFAC3}.Debug|Any CPU.ActiveCfg = Debug|Any CPU
		{C5B4A4A3-7346-4B77-AD03-839116FAFAC3}.Debug|Any CPU.Build.0 = Debug|Any CPU
		{C5B4A4A3-7346-4B77-AD03-839116FAFAC3}.Debug|iPhone.ActiveCfg = Debug|Any CPU
		{C5B4A4A3-7346-4B77-AD03-839116FAFAC3}.Debug|iPhone.Build.0 = Debug|Any CPU
		{C5B4A4A3-7346-4B77-AD03-839116FAFAC3}.Debug|iPhoneSimulator.ActiveCfg = Debug|Any CPU
		{C5B4A4A3-7346-4B77-AD03-839116FAFAC3}.Debug|iPhoneSimulator.Build.0 = Debug|Any CPU
		{C5B4A4A3-7346-4B77-AD03-839116FAFAC3}.Release|Any CPU.ActiveCfg = Release|Any CPU
		{C5B4A4A3-7346-4B77-AD03-839116FAFAC3}.Release|Any CPU.Build.0 = Release|Any CPU
		{C5B4A4A3-7346-4B77-AD03-839116FAFAC3}.Release|iPhone.ActiveCfg = Release|Any CPU
		{C5B4A4A3-7346-4B77-AD03-839116FAFAC3}.Release|iPhone.Build.0 = Release|Any CPU
		{C5B4A4A3-7346-4B77-AD03-839116FAFAC3}.Release|iPhoneSimulator.ActiveCfg = Release|Any CPU
		{C5B4A4A3-7346-4B77-AD03-839116FAFAC3}.Release|iPhoneSimulator.Build.0 = Release|Any CPU
		{A42DCB75-14D8-4EE0-946E-6CEAF5079851}.Ad-Hoc|Any CPU.ActiveCfg = Release|Any CPU
		{A42DCB75-14D8-4EE0-946E-6CEAF5079851}.Ad-Hoc|Any CPU.Build.0 = Release|Any CPU
		{A42DCB75-14D8-4EE0-946E-6CEAF5079851}.Ad-Hoc|iPhone.ActiveCfg = Release|Any CPU
		{A42DCB75-14D8-4EE0-946E-6CEAF5079851}.Ad-Hoc|iPhone.Build.0 = Release|Any CPU
		{A42DCB75-14D8-4EE0-946E-6CEAF5079851}.Ad-Hoc|iPhoneSimulator.ActiveCfg = Release|Any CPU
		{A42DCB75-14D8-4EE0-946E-6CEAF5079851}.Ad-Hoc|iPhoneSimulator.Build.0 = Release|Any CPU
		{A42DCB75-14D8-4EE0-946E-6CEAF5079851}.AppStore|Any CPU.ActiveCfg = Release|Any CPU
		{A42DCB75-14D8-4EE0-946E-6CEAF5079851}.AppStore|Any CPU.Build.0 = Release|Any CPU
		{A42DCB75-14D8-4EE0-946E-6CEAF5079851}.AppStore|iPhone.ActiveCfg = Release|Any CPU
		{A42DCB75-14D8-4EE0-946E-6CEAF5079851}.AppStore|iPhone.Build.0 = Release|Any CPU
		{A42DCB75-14D8-4EE0-946E-6CEAF5079851}.AppStore|iPhoneSimulator.ActiveCfg = Release|Any CPU
		{A42DCB75-14D8-4EE0-946E-6CEAF5079851}.AppStore|iPhoneSimulator.Build.0 = Release|Any CPU
		{A42DCB75-14D8-4EE0-946E-6CEAF5079851}.Debug|Any CPU.ActiveCfg = Debug|Any CPU
		{A42DCB75-14D8-4EE0-946E-6CEAF5079851}.Debug|Any CPU.Build.0 = Debug|Any CPU
		{A42DCB75-14D8-4EE0-946E-6CEAF5079851}.Debug|iPhone.ActiveCfg = Debug|Any CPU
		{A42DCB75-14D8-4EE0-946E-6CEAF5079851}.Debug|iPhone.Build.0 = Debug|Any CPU
		{A42DCB75-14D8-4EE0-946E-6CEAF5079851}.Debug|iPhoneSimulator.ActiveCfg = Debug|Any CPU
		{A42DCB75-14D8-4EE0-946E-6CEAF5079851}.Debug|iPhoneSimulator.Build.0 = Debug|Any CPU
		{A42DCB75-14D8-4EE0-946E-6CEAF5079851}.Release|Any CPU.ActiveCfg = Release|Any CPU
		{A42DCB75-14D8-4EE0-946E-6CEAF5079851}.Release|Any CPU.Build.0 = Release|Any CPU
		{A42DCB75-14D8-4EE0-946E-6CEAF5079851}.Release|iPhone.ActiveCfg = Release|Any CPU
		{A42DCB75-14D8-4EE0-946E-6CEAF5079851}.Release|iPhone.Build.0 = Release|Any CPU
		{A42DCB75-14D8-4EE0-946E-6CEAF5079851}.Release|iPhoneSimulator.ActiveCfg = Release|Any CPU
		{A42DCB75-14D8-4EE0-946E-6CEAF5079851}.Release|iPhoneSimulator.Build.0 = Release|Any CPU
		{4E54641B-D109-4A35-AAE7-19DE65E07F7C}.Ad-Hoc|Any CPU.ActiveCfg = Release|Any CPU
		{4E54641B-D109-4A35-AAE7-19DE65E07F7C}.Ad-Hoc|Any CPU.Build.0 = Release|Any CPU
		{4E54641B-D109-4A35-AAE7-19DE65E07F7C}.Ad-Hoc|iPhone.ActiveCfg = Release|Any CPU
		{4E54641B-D109-4A35-AAE7-19DE65E07F7C}.Ad-Hoc|iPhone.Build.0 = Release|Any CPU
		{4E54641B-D109-4A35-AAE7-19DE65E07F7C}.Ad-Hoc|iPhoneSimulator.ActiveCfg = Release|Any CPU
		{4E54641B-D109-4A35-AAE7-19DE65E07F7C}.Ad-Hoc|iPhoneSimulator.Build.0 = Release|Any CPU
		{4E54641B-D109-4A35-AAE7-19DE65E07F7C}.AppStore|Any CPU.ActiveCfg = Release|Any CPU
		{4E54641B-D109-4A35-AAE7-19DE65E07F7C}.AppStore|Any CPU.Build.0 = Release|Any CPU
		{4E54641B-D109-4A35-AAE7-19DE65E07F7C}.AppStore|iPhone.ActiveCfg = Release|Any CPU
		{4E54641B-D109-4A35-AAE7-19DE65E07F7C}.AppStore|iPhone.Build.0 = Release|Any CPU
		{4E54641B-D109-4A35-AAE7-19DE65E07F7C}.AppStore|iPhoneSimulator.ActiveCfg = Release|Any CPU
		{4E54641B-D109-4A35-AAE7-19DE65E07F7C}.AppStore|iPhoneSimulator.Build.0 = Release|Any CPU
		{4E54641B-D109-4A35-AAE7-19DE65E07F7C}.Debug|Any CPU.ActiveCfg = Debug|Any CPU
		{4E54641B-D109-4A35-AAE7-19DE65E07F7C}.Debug|Any CPU.Build.0 = Debug|Any CPU
		{4E54641B-D109-4A35-AAE7-19DE65E07F7C}.Debug|iPhone.ActiveCfg = Debug|Any CPU
		{4E54641B-D109-4A35-AAE7-19DE65E07F7C}.Debug|iPhone.Build.0 = Debug|Any CPU
		{4E54641B-D109-4A35-AAE7-19DE65E07F7C}.Debug|iPhoneSimulator.ActiveCfg = Debug|Any CPU
		{4E54641B-D109-4A35-AAE7-19DE65E07F7C}.Debug|iPhoneSimulator.Build.0 = Debug|Any CPU
		{4E54641B-D109-4A35-AAE7-19DE65E07F7C}.Release|Any CPU.ActiveCfg = Release|Any CPU
		{4E54641B-D109-4A35-AAE7-19DE65E07F7C}.Release|Any CPU.Build.0 = Release|Any CPU
		{4E54641B-D109-4A35-AAE7-19DE65E07F7C}.Release|iPhone.ActiveCfg = Release|Any CPU
		{4E54641B-D109-4A35-AAE7-19DE65E07F7C}.Release|iPhone.Build.0 = Release|Any CPU
		{4E54641B-D109-4A35-AAE7-19DE65E07F7C}.Release|iPhoneSimulator.ActiveCfg = Release|Any CPU
		{4E54641B-D109-4A35-AAE7-19DE65E07F7C}.Release|iPhoneSimulator.Build.0 = Release|Any CPU
	EndGlobalSection
	GlobalSection(SolutionProperties) = preSolution
		HideSolutionNode = FALSE
	EndGlobalSection
	GlobalSection(NestedProjects) = preSolution
		{FDFD3A07-1788-4C3F-A9D0-D67F4DEA6919} = {72DE5BCD-BB42-41E2-916A-EEA0B7569529}
		{188F8020-6474-43BA-A6E7-0947C385B54C} = {72DE5BCD-BB42-41E2-916A-EEA0B7569529}
		{9F60986F-4549-436A-9467-8718FFE84CCE} = {38F4F699-609F-4894-8D3F-1BA1283DAE91}
		{8634D953-84BF-4BBD-873B-B4339BEEA7BF} = {38F4F699-609F-4894-8D3F-1BA1283DAE91}
		{A8AF73A1-E1A1-40EF-943E-4FBF475B0C8A} = {AD001C27-B88F-45AD-8297-DB5FE21C6DE7}
		{DA1A4802-05FA-496A-862D-74FC8B0FD5CA} = {AD001C27-B88F-45AD-8297-DB5FE21C6DE7}
		{8115E626-B954-42AE-9A4C-889AFD311912} = {AD001C27-B88F-45AD-8297-DB5FE21C6DE7}
		{040C0E99-7128-4968-AB57-47E3CBFBF2BD} = {AD001C27-B88F-45AD-8297-DB5FE21C6DE7}
		{9A749589-5DAE-4296-A4FA-B74F2D31C759} = {38F4F699-609F-4894-8D3F-1BA1283DAE91}
		{A2330E63-09C1-43FD-BBE3-8699F5D62888} = {38F4F699-609F-4894-8D3F-1BA1283DAE91}
		{E3F80ADC-71F8-454E-BA3B-87BD0D78B051} = {38F4F699-609F-4894-8D3F-1BA1283DAE91}
		{38A78D6E-B617-4162-A0BE-EFE260E9C076} = {AD001C27-B88F-45AD-8297-DB5FE21C6DE7}
		{FA699AFA-1165-40C0-AA59-BB63DA16A1B8} = {8B24F47B-470E-4237-8E2B-0A4528598FEE}
		{B960F8D7-25B3-46E9-A95C-E539192B5744} = {A2B90814-10AD-42D8-AF1C-3272628DE819}
		{47C93CC1-2606-4130-922A-A1B2895E895E} = {38F4F699-609F-4894-8D3F-1BA1283DAE91}
		{55BCF24D-7424-4C5E-AD72-BB34F217EBDF} = {8B24F47B-470E-4237-8E2B-0A4528598FEE}
		{4F503379-98F6-4D3E-8751-EE23139BF354} = {72DE5BCD-BB42-41E2-916A-EEA0B7569529}
		{C5B4A4A3-7346-4B77-AD03-839116FAFAC3} = {72DE5BCD-BB42-41E2-916A-EEA0B7569529}
		{4E54641B-D109-4A35-AAE7-19DE65E07F7C} = {AD001C27-B88F-45AD-8297-DB5FE21C6DE7}
	EndGlobalSection
	GlobalSection(ExtensibilityGlobals) = postSolution
		SolutionGuid = {BFB1E1C1-B3D4-4EA9-9AD0-AC8D61BF5735}
	EndGlobalSection
	GlobalSection(MonoDevelopProperties) = preSolution
		Policies = $0
		$0.DotNetNamingPolicy = $1
		$1.DirectoryNamespaceAssociation = PrefixedHierarchical
		$0.TextStylePolicy = $2
		$2.FileWidth = 80
		$2.scope = text/x-csharp
		$0.CSharpFormattingPolicy = $3
		$3.scope = text/x-csharp
		$0.StandardHeader = $4
	EndGlobalSection
EndGlobal
